<?xml version="1.0" encoding="utf-8"?>
<Project ToolsVersion="4.0" xmlns="http://schemas.microsoft.com/developer/msbuild/2003">
  <ItemGroup>
    <Filter Include="Source Files">
      <UniqueIdentifier>{4FC737F1-C7A5-4376-A066-2A32D752A2FF}</UniqueIdentifier>
      <Extensions>cpp;c;cc;cxx;c++;cppm;ixx;def;odl;idl;hpj;bat;asm;asmx</Extensions>
    </Filter>
    <Filter Include="Header Files">
      <UniqueIdentifier>{93995380-89BD-4b04-88EB-625FBE52EBFB}</UniqueIdentifier>
      <Extensions>h;hh;hpp;hxx;h++;hm;inl;inc;ipp;xsd</Extensions>
    </Filter>
    <Filter Include="Resource Files">
      <UniqueIdentifier>{67DA6AB6-F800-4c08-8B7A-83BB121AAD01}</UniqueIdentifier>
      <Extensions>rc;ico;cur;bmp;dlg;rc2;rct;bin;rgs;gif;jpg;jpeg;jpe;resx;tiff;tif;png;wav;mfcribbon-ms</Extensions>
    </Filter>
    <Filter Include="Source Files\EngineCore">
      <UniqueIdentifier>{0bc96c9f-b5ac-4705-97b8-74b3416e797b}</UniqueIdentifier>
    </Filter>
    <Filter Include="Source Files\EventSystem">
      <UniqueIdentifier>{0009e393-ac96-44af-9daa-4e1ef26cd9b4}</UniqueIdentifier>
    </Filter>
    <Filter Include="Source Files\GUI">
      <UniqueIdentifier>{be8cdb9e-010b-4533-8fbc-256acda772b9}</UniqueIdentifier>
    </Filter>
    <Filter Include="Source Files\EngineCore\Input">
      <UniqueIdentifier>{5c41d305-3ec3-4a58-a45c-04d4b37ea0f5}</UniqueIdentifier>
    </Filter>
    <Filter Include="Source Files\EngineCore\Output">
      <UniqueIdentifier>{12059b13-cda8-4764-995d-4ca0bdf457fe}</UniqueIdentifier>
    </Filter>
    <Filter Include="Source Files\EntityComponentSystem">
      <UniqueIdentifier>{760a60aa-40e4-466c-8f97-fdf1e5d89fca}</UniqueIdentifier>
    </Filter>
    <Filter Include="Source Files\TileMapSystem">
      <UniqueIdentifier>{3a040132-4e9d-48fb-821b-a5391a7ede1c}</UniqueIdentifier>
    </Filter>
    <Filter Include="Source Files\TileMapSystem\Tiles">
      <UniqueIdentifier>{245b5808-0dec-40a7-af11-710c5f450304}</UniqueIdentifier>
    </Filter>
    <Filter Include="Source Files\TileMapSystem\Maps">
      <UniqueIdentifier>{55b4d579-3d56-4d27-92aa-cc482fd6bc14}</UniqueIdentifier>
    </Filter>
    <Filter Include="Source Files\Geometry">
      <UniqueIdentifier>{d04a22f0-f03a-434a-b681-e31214bff74d}</UniqueIdentifier>
    </Filter>
    <Filter Include="Source Files\EntityComponentSystem\Components">
      <UniqueIdentifier>{a2a76fd4-4e7e-466a-8109-41309edc285c}</UniqueIdentifier>
    </Filter>
    <Filter Include="Source Files\EntityComponentSystem\Systems">
      <UniqueIdentifier>{67748a35-4ec3-46ac-8411-96ad217a36dc}</UniqueIdentifier>
    </Filter>
    <Filter Include="Source Files\StateManager">
      <UniqueIdentifier>{385478e8-f09a-4844-9553-2d0f31a7f947}</UniqueIdentifier>
    </Filter>
    <Filter Include="Source Files\StateManager\States">
      <UniqueIdentifier>{82968515-443e-4080-8ccd-9f70f53a6a42}</UniqueIdentifier>
    </Filter>
    <Filter Include="Source Files\GUI\Windows">
      <UniqueIdentifier>{d6f962ac-a0a9-4e46-a377-859140b1c4e8}</UniqueIdentifier>
    </Filter>
    <Filter Include="Source Files\EntityComponentSystem\BehaviorTree">
      <UniqueIdentifier>{1e81a3ea-d39e-4e43-9146-95c07ced9eb7}</UniqueIdentifier>
    </Filter>
    <Filter Include="Source Files\Data">
      <UniqueIdentifier>{8fae1382-b9d8-43a2-9b31-717e6c4c4b7b}</UniqueIdentifier>
    </Filter>
    <Filter Include="Source Files\Data\BaseObject">
      <UniqueIdentifier>{0655b3d8-8cd4-4bc0-aeaa-9fb1507684d4}</UniqueIdentifier>
    </Filter>
    <Filter Include="Source Files\EntityComponentSystem\BehaviorTree\Behaviors">
      <UniqueIdentifier>{0fc9afbe-0c70-4a35-9f97-5d70564dabbf}</UniqueIdentifier>
    </Filter>
    <Filter Include="Source Files\EntityComponentSystem\BehaviorTree\NodeTypes">
      <UniqueIdentifier>{c1abb08e-7822-43ff-986e-a14a7317ca7f}</UniqueIdentifier>
    </Filter>
    <Filter Include="Source Files\GUI\UIObjects">
      <UniqueIdentifier>{6acafe3b-919e-416f-af03-dff1bf394eda}</UniqueIdentifier>
    </Filter>
    <Filter Include="Source Files\EngineCore\PlatformWindow">
      <UniqueIdentifier>{534877da-d345-456f-8e9f-4cd1a5153969}</UniqueIdentifier>
    </Filter>
    <Filter Include="Source Files\TileMapSystem\Objects">
      <UniqueIdentifier>{2e526079-cb5f-4bb9-93ae-2f3042bdf068}</UniqueIdentifier>
    </Filter>
  </ItemGroup>
  <ItemGroup>
    <ClInclude Include="Engine.h">
      <Filter>Source Files\EngineCore</Filter>
    </ClInclude>
    <ClInclude Include="NodeCore.h">
      <Filter>Source Files\Data\BaseObject</Filter>
    </ClInclude>
    <ClInclude Include="BaseNode.h">
      <Filter>Source Files\Data\BaseObject</Filter>
    </ClInclude>
    <ClInclude Include="EventListener.h">
      <Filter>Source Files\EventSystem</Filter>
    </ClInclude>
    <ClInclude Include="UIComponent.h">
      <Filter>Source Files\GUI</Filter>
    </ClInclude>
    <ClInclude Include="UILayout.h">
      <Filter>Source Files\GUI</Filter>
    </ClInclude>
    <ClInclude Include="Events.h">
      <Filter>Source Files\EventSystem</Filter>
    </ClInclude>
    <ClInclude Include="Input.h">
      <Filter>Source Files\EngineCore\Input</Filter>
    </ClInclude>
    <ClInclude Include="OutputBuffer.h">
      <Filter>Source Files\EngineCore\Output</Filter>
    </ClInclude>
    <ClInclude Include="ConsoleOutputBuffer.h">
      <Filter>Source Files\EngineCore\Output</Filter>
    </ClInclude>
    <ClInclude Include="UIWindow.h">
      <Filter>Source Files\GUI</Filter>
    </ClInclude>
    <ClInclude Include="_TileMap.h">
      <Filter>Source Files\TileMapSystem\Maps</Filter>
    </ClInclude>
    <ClInclude Include="_Tile2D.h">
      <Filter>Source Files\TileMapSystem\Tiles</Filter>
    </ClInclude>
    <ClInclude Include="Render2D.h">
      <Filter>Source Files\EngineCore</Filter>
    </ClInclude>
    <ClInclude Include="ConsoleInputHandler.h">
      <Filter>Source Files\EngineCore\Input</Filter>
    </ClInclude>
    <ClInclude Include="PathfindingMap.h">
      <Filter>Source Files\TileMapSystem\Maps</Filter>
    </ClInclude>
    <ClInclude Include="PathfindingTile.h">
      <Filter>Source Files\TileMapSystem\Tiles</Filter>
    </ClInclude>
    <ClInclude Include="Triangle.h">
      <Filter>Source Files\Geometry</Filter>
    </ClInclude>
    <ClInclude Include="2DMatrix.h">
      <Filter>Source Files\Geometry</Filter>
    </ClInclude>
    <ClInclude Include="ControllerInput.h">
      <Filter>Source Files\EngineCore\Input</Filter>
    </ClInclude>
    <ClInclude Include="EntityComponentSystem.h">
      <Filter>Source Files\EntityComponentSystem</Filter>
    </ClInclude>
    <ClInclude Include="GUI.h">
      <Filter>Source Files\GUI</Filter>
    </ClInclude>
    <ClInclude Include="TileMapSystem.h">
      <Filter>Source Files\TileMapSystem</Filter>
    </ClInclude>
    <ClInclude Include="_EntityComponent.h">
      <Filter>Source Files\EntityComponentSystem\Components</Filter>
    </ClInclude>
    <ClInclude Include="ControllerWidget.h">
      <Filter>Source Files\EntityComponentSystem\Components</Filter>
    </ClInclude>
    <ClInclude Include="Velocity.h">
      <Filter>Source Files\EntityComponentSystem\Components</Filter>
    </ClInclude>
    <ClInclude Include="Render.h">
      <Filter>Source Files\EntityComponentSystem\Components</Filter>
    </ClInclude>
    <ClInclude Include="ShootAction.h">
      <Filter>Source Files\EntityComponentSystem\Components</Filter>
    </ClInclude>
    <ClInclude Include="Transform2D.h">
      <Filter>Source Files\EntityComponentSystem\Components</Filter>
    </ClInclude>
    <ClInclude Include="Transform3D.h">
      <Filter>Source Files\EntityComponentSystem\Components</Filter>
    </ClInclude>
    <ClInclude Include="EntityFactory.h">
      <Filter>Source Files\EntityComponentSystem\Systems</Filter>
    </ClInclude>
    <ClInclude Include="EntityPhysicsSystem.h">
      <Filter>Source Files\EntityComponentSystem\Systems</Filter>
    </ClInclude>
    <ClInclude Include="EntityRenderSystem.h">
      <Filter>Source Files\EntityComponentSystem\Systems</Filter>
    </ClInclude>
    <ClInclude Include="UserController.h">
      <Filter>Source Files\EntityComponentSystem\Components</Filter>
    </ClInclude>
    <ClInclude Include="CommandSystem.h">
      <Filter>Source Files\EntityComponentSystem\Systems</Filter>
    </ClInclude>
    <ClInclude Include="Polygon.h">
      <Filter>Source Files\Geometry</Filter>
    </ClInclude>
    <ClInclude Include="MouseInteraction.h">
      <Filter>Header Files</Filter>
    </ClInclude>
    <ClInclude Include="OutputWindow.h">
      <Filter>Source Files\EngineCore\PlatformWindow</Filter>
    </ClInclude>
    <ClInclude Include="Win32Window.h">
      <Filter>Source Files\EngineCore\PlatformWindow</Filter>
    </ClInclude>
    <ClInclude Include="ConsoleWindow.h">
      <Filter>Source Files\EngineCore\PlatformWindow</Filter>
    </ClInclude>
    <ClInclude Include="CollisionDetectionSystem.h">
      <Filter>Source Files\EntityComponentSystem\Systems</Filter>
    </ClInclude>
    <ClInclude Include="Actor.h">
      <Filter>Source Files\EntityComponentSystem\Components</Filter>
    </ClInclude>
    <ClInclude Include="Collider2D.h">
      <Filter>Source Files\EntityComponentSystem\Components</Filter>
    </ClInclude>
    <ClInclude Include="UIButton.h">
      <Filter>Source Files\GUI</Filter>
    </ClInclude>
    <ClInclude Include="UIState.h">
      <Filter>Source Files\EntityComponentSystem\Components</Filter>
    </ClInclude>
    <ClInclude Include="CollisionResponse.h">
      <Filter>Source Files\EntityComponentSystem\Components</Filter>
    </ClInclude>
    <ClInclude Include="_Command.h">
      <Filter>Source Files\EntityComponentSystem</Filter>
    </ClInclude>
    <ClInclude Include="Health.h">
      <Filter>Source Files\EntityComponentSystem\Components</Filter>
    </ClInclude>
    <ClInclude Include="Damage.h">
      <Filter>Source Files\EntityComponentSystem\Components</Filter>
    </ClInclude>
    <ClInclude Include="GameState.h">
      <Filter>Source Files\StateManager</Filter>
    </ClInclude>
    <ClInclude Include="SingleSelectButtonComponent.h">
      <Filter>Source Files\GUI</Filter>
    </ClInclude>
    <ClInclude Include="Bezier.h">
      <Filter>Source Files\Geometry</Filter>
    </ClInclude>
    <ClInclude Include="BezierDemo.h">
      <Filter>Source Files\StateManager\States</Filter>
    </ClInclude>
    <ClInclude Include="BuildingTest.h">
      <Filter>Source Files\StateManager\States</Filter>
    </ClInclude>
    <ClInclude Include="IsoTileMapTest.h">
      <Filter>Source Files\StateManager\States</Filter>
    </ClInclude>
    <ClInclude Include="TestState.h">
      <Filter>Source Files\StateManager\States</Filter>
    </ClInclude>
    <ClInclude Include="BuildingMap.h">
      <Filter>Source Files\TileMapSystem\Maps</Filter>
    </ClInclude>
    <ClInclude Include="BuildingTile.h">
      <Filter>Source Files\TileMapSystem\Tiles</Filter>
    </ClInclude>
    <ClInclude Include="RogueLikeDemo.h">
      <Filter>Source Files\StateManager\States</Filter>
    </ClInclude>
    <ClInclude Include="Behavior.h">
      <Filter>Source Files\EntityComponentSystem\Components</Filter>
    </ClInclude>
    <ClInclude Include="LivePolyEditor.h">
      <Filter>Source Files\StateManager\States</Filter>
    </ClInclude>
    <ClInclude Include="Vector2Demo.h">
      <Filter>Source Files\StateManager\States</Filter>
    </ClInclude>
    <ClInclude Include="TileLightingDemo.h">
      <Filter>Source Files\StateManager\States</Filter>
    </ClInclude>
    <ClInclude Include="CameraViewWindow.h">
      <Filter>Source Files\GUI\Windows</Filter>
    </ClInclude>
    <ClInclude Include="BezierCurveTestWindow.h">
      <Filter>Source Files\GUI\Windows</Filter>
    </ClInclude>
    <ClInclude Include="ListExplorerWindow.h">
      <Filter>Source Files\GUI\Windows</Filter>
    </ClInclude>
    <ClInclude Include="WorldViewWindow.h">
      <Filter>Source Files\GUI\Windows</Filter>
    </ClInclude>
    <ClInclude Include="LightTile.h">
      <Filter>Source Files\TileMapSystem\Tiles</Filter>
    </ClInclude>
    <ClInclude Include="LightMap.h">
      <Filter>Source Files\TileMapSystem\Maps</Filter>
    </ClInclude>
    <ClInclude Include="BehaviorTreeDemo.h">
      <Filter>Source Files\StateManager\States</Filter>
    </ClInclude>
    <ClInclude Include="DataTree.h">
      <Filter>Source Files\Data</Filter>
    </ClInclude>
    <ClInclude Include="DataTreeDemo.h">
      <Filter>Source Files\StateManager\States</Filter>
    </ClInclude>
    <ClInclude Include="RectDemo.h">
      <Filter>Source Files\StateManager\States</Filter>
    </ClInclude>
    <ClInclude Include="BehaviorTree.h">
      <Filter>Source Files\EntityComponentSystem\BehaviorTree</Filter>
    </ClInclude>
    <ClInclude Include="AttackBehavior.h">
      <Filter>Source Files\EntityComponentSystem\BehaviorTree\Behaviors</Filter>
    </ClInclude>
    <ClInclude Include="FleeBehavior.h">
      <Filter>Source Files\EntityComponentSystem\BehaviorTree\Behaviors</Filter>
    </ClInclude>
    <ClInclude Include="SeekBehavior.h">
      <Filter>Source Files\EntityComponentSystem\BehaviorTree\Behaviors</Filter>
    </ClInclude>
    <ClInclude Include="BehaviorNode.h">
      <Filter>Source Files\EntityComponentSystem\BehaviorTree\NodeTypes</Filter>
    </ClInclude>
    <ClInclude Include="PursuitBehavior.h">
      <Filter>Source Files\EntityComponentSystem\BehaviorTree\Behaviors</Filter>
    </ClInclude>
    <ClInclude Include="GetTarget.h">
      <Filter>Source Files\EntityComponentSystem\BehaviorTree\Behaviors</Filter>
    </ClInclude>
    <ClInclude Include="Win32Demo.h">
      <Filter>Source Files\StateManager\States</Filter>
    </ClInclude>
    <ClInclude Include="Win32InputHandler.h">
      <Filter>Source Files\EngineCore\Input</Filter>
    </ClInclude>
    <ClInclude Include="Color.h">
      <Filter>Source Files\EngineCore</Filter>
    </ClInclude>
    <ClInclude Include="Win32Buffer.h">
      <Filter>Header Files</Filter>
    </ClInclude>
    <ClInclude Include="PerlinDemo.h">
      <Filter>Source Files\StateManager\States</Filter>
    </ClInclude>
    <ClInclude Include="InfiniteTileMapDemo.h">
      <Filter>Source Files\StateManager\States</Filter>
    </ClInclude>
    <ClInclude Include="SelectionSquare.h">
      <Filter>Source Files\GUI\UIObjects</Filter>
    </ClInclude>
    <ClInclude Include="LiveEditPoly2D.h">
      <Filter>Source Files\GUI\UIObjects</Filter>
    </ClInclude>
    <ClInclude Include="Rect2D.h">
      <Filter>Source Files\Geometry</Filter>
    </ClInclude>
    <ClInclude Include="ConnectingLine.h">
      <Filter>Source Files\GUI\UIObjects</Filter>
    </ClInclude>
    <ClInclude Include="EditableRoom2D.h">
      <Filter>Source Files\TileMapSystem\Objects</Filter>
    </ClInclude>
    <ClInclude Include="Joint.h">
      <Filter>Source Files\EntityComponentSystem\Components</Filter>
    </ClInclude>
    <ClInclude Include="EntityComponentSystemDemo.h">
      <Filter>Source Files\StateManager\States</Filter>
    </ClInclude>
    <ClInclude Include="Vector3.h">
      <Filter>Source Files\Geometry</Filter>
    </ClInclude>
    <ClInclude Include="Vector2.h">
      <Filter>Source Files\Geometry</Filter>
    </ClInclude>
    <ClInclude Include="Accelerate.h">
      <Filter>Source Files\EntityComponentSystem\Components</Filter>
    </ClInclude>
    <ClInclude Include="Commands.h">
      <Filter>Source Files\EntityComponentSystem\Components</Filter>
    </ClInclude>
    <ClInclude Include="DetailsPanel.h">
      <Filter>Source Files\EntityComponentSystem\Components</Filter>
    </ClInclude>
    <ClInclude Include="Camera.h">
      <Filter>Source Files\EntityComponentSystem\Components</Filter>
    </ClInclude>
    <ClInclude Include="Perlin.h">
      <Filter>Source Files\Geometry</Filter>
    </ClInclude>
    <ClInclude Include="MultiThreadingDemo.h">
      <Filter>Source Files\StateManager\States</Filter>
    </ClInclude>
  </ItemGroup>
  <ItemGroup>
    <ClCompile Include="Main.cpp">
      <Filter>Source Files</Filter>
    </ClCompile>
  </ItemGroup>
  <ItemGroup>
    <None Include="PlatformInputHandler.h">
      <Filter>Source Files\EngineCore\Input</Filter>
    </None>
  </ItemGroup>
</Project>